// !$*UTF8*$!
{
	archiveVersion = 1;
	classes = {
	};
	objectVersion = 46;
	objects = {

/* Begin PBXBuildFile section */
		F19FBE771D1A6C5400A4B754 /* AppDelegate.swift in Sources */ = {isa = PBXBuildFile; fileRef = F19FBE761D1A6C5400A4B754 /* AppDelegate.swift */; };
		F19FBE791D1A6C5400A4B754 /* ViewController.swift in Sources */ = {isa = PBXBuildFile; fileRef = F19FBE781D1A6C5400A4B754 /* ViewController.swift */; };
		F19FBE7C1D1A6C5400A4B754 /* Main.storyboard in Resources */ = {isa = PBXBuildFile; fileRef = F19FBE7A1D1A6C5400A4B754 /* Main.storyboard */; };
		F19FBE7E1D1A6C5400A4B754 /* Assets.xcassets in Resources */ = {isa = PBXBuildFile; fileRef = F19FBE7D1D1A6C5400A4B754 /* Assets.xcassets */; };
		F19FBE811D1A6C5400A4B754 /* LaunchScreen.storyboard in Resources */ = {isa = PBXBuildFile; fileRef = F19FBE7F1D1A6C5400A4B754 /* LaunchScreen.storyboard */; };
/* End PBXBuildFile section */

/* Begin PBXFileReference section */
		F19FBE731D1A6C5400A4B754 /* Silly Song.app */ = {isa = PBXFileReference; explicitFileType = wrapper.application; includeInIndex = 0; path = "Silly Song.app"; sourceTree = BUILT_PRODUCTS_DIR; };
		F19FBE761D1A6C5400A4B754 /* AppDelegate.swift */ = {isa = PBXFileReference; lastKnownFileType = sourcecode.swift; path = AppDelegate.swift; sourceTree = "<group>"; };
		F19FBE781D1A6C5400A4B754 /* ViewController.swift */ = {isa = PBXFileReference; lastKnownFileType = sourcecode.swift; path = ViewController.swift; sourceTree = "<group>"; };
		F19FBE7B1D1A6C5400A4B754 /* Base */ = {isa = PBXFileReference; lastKnownFileType = file.storyboard; name = Base; path = Base.lproj/Main.storyboard; sourceTree = "<group>"; };
		F19FBE7D1D1A6C5400A4B754 /* Assets.xcassets */ = {isa = PBXFileReference; lastKnownFileType = folder.assetcatalog; path = Assets.xcassets; sourceTree = "<group>"; };
		F19FBE801D1A6C5400A4B754 /* Base */ = {isa = PBXFileReference; lastKnownFileType = file.storyboard; name = Base; path = Base.lproj/LaunchScreen.storyboard; sourceTree = "<group>"; };
		F19FBE821D1A6C5400A4B754 /* Info.plist */ = {isa = PBXFileReference; lastKnownFileType = text.plist.xml; path = Info.plist; sourceTree = "<group>"; };
/* End PBXFileReference section */

/* Begin PBXFrameworksBuildPhase section */
		F19FBE701D1A6C5400A4B754 /* Frameworks */ = {
			isa = PBXFrameworksBuildPhase;
			buildActionMask = 2147483647;
			files = (
			);
			runOnlyForDeploymentPostprocessing = 0;
		};
/* End PBXFrameworksBuildPhase section */

/* Begin PBXGroup section */
		F19FBE6A1D1A6C5400A4B754 = {
			isa = PBXGroup;
			children = (
				F19FBE751D1A6C5400A4B754 /* Silly Song */,
				F19FBE741D1A6C5400A4B754 /* Products */,
			);
			sourceTree = "<group>";
		};
		F19FBE741D1A6C5400A4B754 /* Products */ = {
			isa = PBXGroup;
			children = (
				F19FBE731D1A6C5400A4B754 /* Silly Song.app */,
			);
			name = Products;
			sourceTree = "<group>";
		};
		F19FBE751D1A6C5400A4B754 /* Silly Song */ = {
			isa = PBXGroup;
			children = (
				F19FBE761D1A6C5400A4B754 /* AppDelegate.swift */,
				F19FBE781D1A6C5400A4B754 /* ViewController.swift */,
				F19FBE7A1D1A6C5400A4B754 /* Main.storyboard */,
				F19FBE7D1D1A6C5400A4B754 /* Assets.xcassets */,
				F19FBE7F1D1A6C5400A4B754 /* LaunchScreen.storyboard */,
				F19FBE821D1A6C5400A4B754 /* Info.plist */,
			);
			path = "Silly Song";
			sourceTree = "<group>";
		};
/* End PBXGroup section */

/* Begin PBXNativeTarget section */
		F19FBE721D1A6C5400A4B754 /* Silly Song */ = {
			isa = PBXNativeTarget;
			buildConfigurationList = F19FBE851D1A6C5400A4B754 /* Build configuration list for PBXNativeTarget "Silly Song" */;
			buildPhases = (
				F19FBE6F1D1A6C5400A4B754 /* Sources */,
				F19FBE701D1A6C5400A4B754 /* Frameworks */,
				F19FBE711D1A6C5400A4B754 /* Resources */,
			);
			buildRules = (
			);
			dependencies = (
			);
			name = "Silly Song";
			productName = "Silly Song";
			productReference = F19FBE731D1A6C5400A4B754 /* Silly Song.app */;
			productType = "com.apple.product-type.application";
		};
/* End PBXNativeTarget section */

/* Begin PBXProject section */
		F19FBE6B1D1A6C5400A4B754 /* Project object */ = {
			isa = PBXProject;
			attributes = {
				LastSwiftUpdateCheck = 0730;
				LastUpgradeCheck = 0730;
				ORGANIZATIONNAME = "Caroline Davis";
				TargetAttributes = {
					F19FBE721D1A6C5400A4B754 = {
						CreatedOnToolsVersion = 7.3.1;
					};
				};
			};
			buildConfigurationList = F19FBE6E1D1A6C5400A4B754 /* Build configuration list for PBXProject "Silly Song" */;
			compatibilityVersion = "Xcode 3.2";
			developmentRegion = English;
			hasScannedForEncodings = 0;
			knownRegions = (
				en,
				Base,
			);
			mainGroup = F19FBE6A1D1A6C5400A4B754;
			productRefGroup = F19FBE741D1A6C5400A4B754 /* Products */;
			projectDirPath = "";
			projectRoot = "";
			targets = (
				F19FBE721D1A6C5400A4B754 /* Silly Song */,
			);
		};
/* End PBXProject section */

/* Begin PBXResourcesBuildPhase section */
		F19FBE711D1A6C5400A4B754 /* Resources */ = {
			isa = PBXResourcesBuildPhase;
			buildActionMask = 2147483647;
			files = (
				F19FBE811D1A6C5400A4B754 /* LaunchScreen.storyboard in Resources */,
				F19FBE7E1D1A6C5400A4B754 /* Assets.xcassets in Resources */,
				F19FBE7C1D1A6C5400A4B754 /* Main.storyboard in Resources */,
			);
			runOnlyForDeploymentPostprocessing = 0;
		};
/* End PBXResourcesBuildPhase section */

/* Begin PBXSourcesBuildPhase section */
		F19FBE6F1D1A6C5400A4B754 /* Sources */ = {
			isa = PBXSourcesBuildPhase;
			buildActionMask = 2147483647;
			files = (
				F19FBE791D1A6C5400A4B754 /* ViewController.swift in Sources */,
				F19FBE771D1A6C5400A4B754 /* AppDelegate.swift in Sources */,
			);
			runOnlyForDeploymentPostprocessing = 0;
		};
/* End PBXSourcesBuildPhase section */

/* Begin PBXVariantGroup section */
		F19FBE7A1D1A6C5400A4B754 /* Main.storyboard */ = {
			isa = PBXVariantGroup;
			children = (
				F19FBE7B1D1A6C5400A4B754 /* Base */,
			);
			name = Main.storyboard;
			sourceTree = "<group>";
		};
		F19FBE7F1D1A6C5400A4B754 /* LaunchScreen.storyboard */ = {
			isa = PBXVariantGroup;
			children = (
				F19FBE801D1A6C5400A4B754 /* Base */,
			);
			name = LaunchScreen.storyboard;
			sourceTree = "<group>";
		};
/* End PBXVariantGroup section */

/* Begin XCBuildConfiguration section */
		F19FBE831D1A6C5400A4B754 /* Debug */ = {
			isa = XCBuildConfiguration;
			buildSettings = {
				ALWAYS_SEARCH_USER_PATHS = NO;
				CLANG_ANALYZER_NONNULL = YES;
				CLANG_CXX_LANGUAGE_STANDARD = "gnu++0x";
				CLANG_CXX_LIBRARY = "libc++";
				CLANG_ENABLE_MODULES = YES;
				CLANG_ENABLE_OBJC_ARC = YES;
				CLANG_WARN_BOOL_CONVERSION = YES;
				CLANG_WARN_CONSTANT_CONVERSION = YES;
				CLANG_WARN_DIRECT_OBJC_ISA_USAGE = YES_ERROR;
				CLANG_WARN_EMPTY_BODY = YES;
				CLANG_WARN_ENUM_CONVERSION = YES;
				CLANG_WARN_INT_CONVERSION = YES;
				CLANG_WARN_OBJC_ROOT_CLASS = YES_ERROR;
				CLANG_WARN_UNREACHABLE_CODE = YES;
				CLANG_WARN__DUPLICATE_METHOD_MATCH = YES;
				"CODE_SIGN_IDENTITY[sdk=iphoneos*]" = "iPhone Developer";
				COPY_PHASE_STRIP = NO;
				DEBUG_INFORMATION_FORMAT = dwarf;
				ENABLE_STRICT_OBJC_MSGSEND = YES;
				ENABLE_TESTABILITY = YES;
				GCC_C_LANGUAGE_STANDARD = gnu99;
				GCC_DYNAMIC_NO_PIC = NO;
				GCC_NO_COMMON_BLOCKS = YES;
				GCC_OPTIMIZATION_LEVEL = 0;
				GCC_PREPROCESSOR_DEFINITIONS = (
					"DEBUG=1",
					"$(inherited)",
				);
				GCC_WARN_64_TO_32_BIT_CONVERSION = YES;
				GCC_WARN_ABOUT_RETURN_TYPE = YES_ERROR;
				GCC_WARN_UNDECLARED_SELECTOR = YES;
				GCC_WARN_UNINITIALIZED_AUTOS = YES_AGGRESSIVE;
				GCC_WARN_UNUSED_FUNCTION = YES;
				GCC_WARN_UNUSED_VARIABLE = YES;
				IPHONEOS_DEPLOYMENT_TARGET = 9.3;
				MTL_ENABLE_DEBUG_INFO = YES;
				ONLY_ACTIVE_ARCH = YES;
				SDKROOT = iphoneos;
				SWIFT_OPTIMIZATION_LEVEL = "-Onone";
				TARGETED_DEVICE_FAMILY = "1,2";
			};
			name = Debug;
		};
		F19FBE841D1A6C5400A4B754 /* Release */ = {
			isa = XCBuildConfiguration;
			buildSettings = {
				ALWAYS_SEARCH_USER_PATHS = NO;
				CLANG_ANALYZER_NONNULL = YES;
				CLANG_CXX_LANGUAGE_STANDARD = "gnu++0x";
				CLANG_CXX_LIBRARY = "libc++";
				CLANG_ENABLE_MODULES = YES;
				CLANG_ENABLE_OBJC_ARC = YES;
				CLANG_WARN_BOOL_CONVERSION = YES;
				CLANG_WARN_CONSTANT_CONVERSION = YES;
				CLANG_WARN_DIRECT_OBJC_ISA_USAGE = YES_ERROR;
				CLANG_WARN_EMPTY_BODY = YES;
				CLANG_WARN_ENUM_CONVERSION = YES;
				CLANG_WARN_INT_CONVERSION = YES;
				CLANG_WARN_OBJC_ROOT_CLASS = YES_ERROR;
				CLANG_WARN_UNREACHABLE_CODE = YES;
				CLANG_WARN__DUPLICATE_METHOD_MATCH = YES;
				"CODE_SIGN_IDENTITY[sdk=iphoneos*]" = "iPhone Developer";
				COPY_PHASE_STRIP = NO;
				DEBUG_INFORMATION_FORMAT = "dwarf-with-dsym";
				ENABLE_NS_ASSERTIONS = NO;
				ENABLE_STRICT_OBJC_MSGSEND = YES;
				GCC_C_LANGUAGE_STANDARD = gnu99;
				GCC_NO_COMMON_BLOCKS = YES;
				GCC_WARN_64_TO_32_BIT_CONVERSION = YES;
				GCC_WARN_ABOUT_RETURN_TYPE = YES_ERROR;
				GCC_WARN_UNDECLARED_SELECTOR = YES;
				GCC_WARN_UNINITIALIZED_AUTOS = YES_AGGRESSIVE;
				GCC_WARN_UNUSED_FUNCTION = YES;
				GCC_WARN_UNUSED_VARIABLE = YES;
				IPHONEOS_DEPLOYMENT_TARGET = 9.3;
				MTL_ENABLE_DEBUG_INFO = NO;
				SDKROOT = iphoneos;
				TARGETED_DEVICE_FAMILY = "1,2";
				VALIDATE_PRODUCT = YES;
			};
			name = Release;
		};
		F19FBE861D1A6C5400A4B754 /* Debug */ = {
			isa = XCBuildConfiguration;
			buildSettings = {
				ASSETCATALOG_COMPILER_APPICON_NAME = AppIcon;
				INFOPLIST_FILE = "Silly Song/Info.plist";
				LD_RUNPATH_SEARCH_PATHS = "$(inherited) @executable_path/Frameworks";
				PRODUCT_BUNDLE_IDENTIFIER = "com.carolinedavis.Silly-Song";
				PRODUCT_NAME = "$(TARGET_NAME)";
			};
			name = Debug;
		};
		F19FBE871D1A6C5400A4B754 /* Release */ = {
			isa = XCBuildConfiguration;
			buildSettings = {
				ASSETCATALOG_COMPILER_APPICON_NAME = AppIcon;
				INFOPLIST_FILE = "Silly Song/Info.plist";
				LD_RUNPATH_SEARCH_PATHS = "$(inherited) @executable_path/Frameworks";
				PRODUCT_BUNDLE_IDENTIFIER = "com.carolinedavis.Silly-Song";
				PRODUCT_NAME = "$(TARGET_NAME)";
			};
			name = Release;
		};
/* End XCBuildConfiguration section */

/* Begin XCConfigurationList section */
		F19FBE6E1D1A6C5400A4B754 /* Build configuration list for PBXProject "Silly Song" */ = {
			isa = XCConfigurationList;
			buildConfigurations = (
				F19FBE831D1A6C5400A4B754 /* Debug */,
				F19FBE841D1A6C5400A4B754 /* Release */,
			);
			defaultConfigurationIsVisible = 0;
			defaultConfigurationName = Release;
		};
		F19FBE851D1A6C5400A4B754 /* Build configuration list for PBXNativeTarget "Silly Song" */ = {
			isa = XCConfigurationList;
			buildConfigurations = (
				F19FBE861D1A6C5400A4B754 /* Debug */,
				F19FBE871D1A6C5400A4B754 /* Release */,
			);
			defaultConfigurationIsVisible = 0;
		};
/* End XCConfigurationList section */
	};
	rootObject = F19FBE6B1D1A6C5400A4B754 /* Project object */;
}
